// !$*UTF8*$!
{
	archiveVersion = 1;
	classes = {
	};
	objectVersion = 51;
	objects = {

/* Begin PBXBuildFile section */
		280806332488DDB1002104B1 /* UIAlertController+Extension.m in Sources */ = {isa = PBXBuildFile; fileRef = 280806322488DDB1002104B1 /* UIAlertController+Extension.m */; };
		280806372488E3FC002104B1 /* phoneCode in Resources */ = {isa = PBXBuildFile; fileRef = 280806362488E3FC002104B1 /* phoneCode */; };
		2808063A2488ECFE002104B1 /* registerVC.m in Sources */ = {isa = PBXBuildFile; fileRef = 280806392488ECFE002104B1 /* registerVC.m */; };
		2808063D2488F663002104B1 /* TabbarVC.m in Sources */ = {isa = PBXBuildFile; fileRef = 2808063C2488F663002104B1 /* TabbarVC.m */; };
		2808064324891421002104B1 /* MRUserManager.m in Sources */ = {isa = PBXBuildFile; fileRef = 2808064224891421002104B1 /* MRUserManager.m */; };
		2808064A2489189F002104B1 /* MRAddDeviceQRcodeVC.m in Sources */ = {isa = PBXBuildFile; fileRef = 280806482489189F002104B1 /* MRAddDeviceQRcodeVC.m */; };
		2808064B2489189F002104B1 /* MRAddDeviceQRcodeVC.xib in Resources */ = {isa = PBXBuildFile; fileRef = 280806492489189F002104B1 /* MRAddDeviceQRcodeVC.xib */; };
		28080652248920D2002104B1 /* MRAddDeviceApVC.m in Sources */ = {isa = PBXBuildFile; fileRef = 28080650248920D2002104B1 /* MRAddDeviceApVC.m */; };
		28080653248920D2002104B1 /* MRAddDeviceApVC.xib in Resources */ = {isa = PBXBuildFile; fileRef = 28080651248920D2002104B1 /* MRAddDeviceApVC.xib */; };
		285FA1D42489E581005C62B9 /* MRDeviceSettingVC.m in Sources */ = {isa = PBXBuildFile; fileRef = 285FA1D32489E581005C62B9 /* MRDeviceSettingVC.m */; };
		285FA1D82489E7F7005C62B9 /* MRDeviceSDFormatVC.m in Sources */ = {isa = PBXBuildFile; fileRef = 285FA1D62489E7F7005C62B9 /* MRDeviceSDFormatVC.m */; };
		285FA1D92489E7F7005C62B9 /* MRDeviceSDFormatVC.xib in Resources */ = {isa = PBXBuildFile; fileRef = 285FA1D72489E7F7005C62B9 /* MRDeviceSDFormatVC.xib */; };
		285FA1E02489F01A005C62B9 /* MRDeviceUpgradeVC.m in Sources */ = {isa = PBXBuildFile; fileRef = 285FA1DE2489F01A005C62B9 /* MRDeviceUpgradeVC.m */; };
		285FA1E12489F01A005C62B9 /* MRDeviceUpgradeVC.xib in Resources */ = {isa = PBXBuildFile; fileRef = 285FA1DF2489F01A005C62B9 /* MRDeviceUpgradeVC.xib */; };
		765101E5AAE701816F81572C /* Pods_MeariSDKDemo.framework in Frameworks */ = {isa = PBXBuildFile; fileRef = 114B9A5EEC6AC613DA1DAB82 /* Pods_MeariSDKDemo.framework */; };
		8C90AEF024F6088100E156CF /* MRCloudServerVC.m in Sources */ = {isa = PBXBuildFile; fileRef = 8C90AEEE24F6088100E156CF /* MRCloudServerVC.m */; };
		8C90AEF124F6088100E156CF /* MRCloudServerVC.xib in Resources */ = {isa = PBXBuildFile; fileRef = 8C90AEEF24F6088100E156CF /* MRCloudServerVC.xib */; };
		8C90AEF624F64C0800E156CF /* MRAliWebPayVC.m in Sources */ = {isa = PBXBuildFile; fileRef = 8C90AEF524F64C0800E156CF /* MRAliWebPayVC.m */; };
		CD3CDE672488C1E000F1B940 /* AppDelegate.m in Sources */ = {isa = PBXBuildFile; fileRef = CD3CDE662488C1E000F1B940 /* AppDelegate.m */; };
		CD3CDE6D2488C1E000F1B940 /* LoginVC.m in Sources */ = {isa = PBXBuildFile; fileRef = CD3CDE6C2488C1E000F1B940 /* LoginVC.m */; };
		CD3CDE702488C1E000F1B940 /* Main.storyboard in Resources */ = {isa = PBXBuildFile; fileRef = CD3CDE6E2488C1E000F1B940 /* Main.storyboard */; };
		CD3CDE722488C1E600F1B940 /* Assets.xcassets in Resources */ = {isa = PBXBuildFile; fileRef = CD3CDE712488C1E600F1B940 /* Assets.xcassets */; };
		CD3CDE752488C1E600F1B940 /* LaunchScreen.storyboard in Resources */ = {isa = PBXBuildFile; fileRef = CD3CDE732488C1E600F1B940 /* LaunchScreen.storyboard */; };
		CD3CDE782488C1E600F1B940 /* main.m in Sources */ = {isa = PBXBuildFile; fileRef = CD3CDE772488C1E600F1B940 /* main.m */; };
		CD3CDE802488C40400F1B940 /* AddDeviceVC.m in Sources */ = {isa = PBXBuildFile; fileRef = CD3CDE7F2488C40400F1B940 /* AddDeviceVC.m */; };
		CD3CDE832488C44B00F1B940 /* DeviceListVC.m in Sources */ = {isa = PBXBuildFile; fileRef = CD3CDE822488C44B00F1B940 /* DeviceListVC.m */; };
		CDE129672488EBB80081EAFD /* DeviceOperationVC.m in Sources */ = {isa = PBXBuildFile; fileRef = CDE129652488EBB80081EAFD /* DeviceOperationVC.m */; };
		CDE129682488EBB80081EAFD /* DeviceOperationVC.xib in Resources */ = {isa = PBXBuildFile; fileRef = CDE129662488EBB80081EAFD /* DeviceOperationVC.xib */; };
		DD2FFAF9266E49A200A1CC21 /* MeariKit.framework in CopyFiles */ = {isa = PBXBuildFile; fileRef = CD3CDE842488C5F000F1B940 /* MeariKit.framework */; settings = {ATTRIBUTES = (CodeSignOnCopy, RemoveHeadersOnCopy, ); }; };
/* End PBXBuildFile section */

/* Begin PBXCopyFilesBuildPhase section */
		DD2FFAF8266E499700A1CC21 /* CopyFiles */ = {
			isa = PBXCopyFilesBuildPhase;
			buildActionMask = 2147483647;
			dstPath = "";
			dstSubfolderSpec = 10;
			files = (
				DD2FFAF9266E49A200A1CC21 /* MeariKit.framework in CopyFiles */,
			);
			runOnlyForDeploymentPostprocessing = 0;
		};
/* End PBXCopyFilesBuildPhase section */

/* Begin PBXFileReference section */
		114B9A5EEC6AC613DA1DAB82 /* Pods_MeariSDKDemo.framework */ = {isa = PBXFileReference; explicitFileType = wrapper.framework; includeInIndex = 0; path = Pods_MeariSDKDemo.framework; sourceTree = BUILT_PRODUCTS_DIR; };
		280806302488DBDB002104B1 /* PrefixHeader.pch */ = {isa = PBXFileReference; lastKnownFileType = sourcecode.c.h; path = PrefixHeader.pch; sourceTree = "<group>"; };
		280806312488DDB1002104B1 /* UIAlertController+Extension.h */ = {isa = PBXFileReference; lastKnownFileType = sourcecode.c.h; path = "UIAlertController+Extension.h"; sourceTree = "<group>"; };
		280806322488DDB1002104B1 /* UIAlertController+Extension.m */ = {isa = PBXFileReference; lastKnownFileType = sourcecode.c.objc; path = "UIAlertController+Extension.m"; sourceTree = "<group>"; };
		280806362488E3FC002104B1 /* phoneCode */ = {isa = PBXFileReference; lastKnownFileType = text; path = phoneCode; sourceTree = "<group>"; };
		280806382488ECFE002104B1 /* registerVC.h */ = {isa = PBXFileReference; lastKnownFileType = sourcecode.c.h; path = registerVC.h; sourceTree = "<group>"; };
		280806392488ECFE002104B1 /* registerVC.m */ = {isa = PBXFileReference; lastKnownFileType = sourcecode.c.objc; path = registerVC.m; sourceTree = "<group>"; };
		2808063B2488F663002104B1 /* TabbarVC.h */ = {isa = PBXFileReference; lastKnownFileType = sourcecode.c.h; path = TabbarVC.h; sourceTree = "<group>"; };
		2808063C2488F663002104B1 /* TabbarVC.m */ = {isa = PBXFileReference; lastKnownFileType = sourcecode.c.objc; path = TabbarVC.m; sourceTree = "<group>"; };
		2808064124891421002104B1 /* MRUserManager.h */ = {isa = PBXFileReference; lastKnownFileType = sourcecode.c.h; path = MRUserManager.h; sourceTree = "<group>"; };
		2808064224891421002104B1 /* MRUserManager.m */ = {isa = PBXFileReference; lastKnownFileType = sourcecode.c.objc; path = MRUserManager.m; sourceTree = "<group>"; };
		280806472489189F002104B1 /* MRAddDeviceQRcodeVC.h */ = {isa = PBXFileReference; lastKnownFileType = sourcecode.c.h; path = MRAddDeviceQRcodeVC.h; sourceTree = "<group>"; };
		280806482489189F002104B1 /* MRAddDeviceQRcodeVC.m */ = {isa = PBXFileReference; lastKnownFileType = sourcecode.c.objc; path = MRAddDeviceQRcodeVC.m; sourceTree = "<group>"; };
		280806492489189F002104B1 /* MRAddDeviceQRcodeVC.xib */ = {isa = PBXFileReference; lastKnownFileType = file.xib; path = MRAddDeviceQRcodeVC.xib; sourceTree = "<group>"; };
		2808064F248920D2002104B1 /* MRAddDeviceApVC.h */ = {isa = PBXFileReference; lastKnownFileType = sourcecode.c.h; path = MRAddDeviceApVC.h; sourceTree = "<group>"; };
		28080650248920D2002104B1 /* MRAddDeviceApVC.m */ = {isa = PBXFileReference; lastKnownFileType = sourcecode.c.objc; path = MRAddDeviceApVC.m; sourceTree = "<group>"; };
		28080651248920D2002104B1 /* MRAddDeviceApVC.xib */ = {isa = PBXFileReference; lastKnownFileType = file.xib; path = MRAddDeviceApVC.xib; sourceTree = "<group>"; };
		285FA1D22489E581005C62B9 /* MRDeviceSettingVC.h */ = {isa = PBXFileReference; lastKnownFileType = sourcecode.c.h; path = MRDeviceSettingVC.h; sourceTree = "<group>"; };
		285FA1D32489E581005C62B9 /* MRDeviceSettingVC.m */ = {isa = PBXFileReference; lastKnownFileType = sourcecode.c.objc; path = MRDeviceSettingVC.m; sourceTree = "<group>"; };
		285FA1D52489E7F7005C62B9 /* MRDeviceSDFormatVC.h */ = {isa = PBXFileReference; lastKnownFileType = sourcecode.c.h; path = MRDeviceSDFormatVC.h; sourceTree = "<group>"; };
		285FA1D62489E7F7005C62B9 /* MRDeviceSDFormatVC.m */ = {isa = PBXFileReference; lastKnownFileType = sourcecode.c.objc; path = MRDeviceSDFormatVC.m; sourceTree = "<group>"; };
		285FA1D72489E7F7005C62B9 /* MRDeviceSDFormatVC.xib */ = {isa = PBXFileReference; lastKnownFileType = file.xib; path = MRDeviceSDFormatVC.xib; sourceTree = "<group>"; };
		285FA1DD2489F01A005C62B9 /* MRDeviceUpgradeVC.h */ = {isa = PBXFileReference; lastKnownFileType = sourcecode.c.h; path = MRDeviceUpgradeVC.h; sourceTree = "<group>"; };
		285FA1DE2489F01A005C62B9 /* MRDeviceUpgradeVC.m */ = {isa = PBXFileReference; lastKnownFileType = sourcecode.c.objc; path = MRDeviceUpgradeVC.m; sourceTree = "<group>"; };
		285FA1DF2489F01A005C62B9 /* MRDeviceUpgradeVC.xib */ = {isa = PBXFileReference; lastKnownFileType = file.xib; path = MRDeviceUpgradeVC.xib; sourceTree = "<group>"; };
		45F6E5DD48BB65D0512E9B33 /* Pods-MeariSDKDemo.release.xcconfig */ = {isa = PBXFileReference; includeInIndex = 1; lastKnownFileType = text.xcconfig; name = "Pods-MeariSDKDemo.release.xcconfig"; path = "Target Support Files/Pods-MeariSDKDemo/Pods-MeariSDKDemo.release.xcconfig"; sourceTree = "<group>"; };
		661937C476F41C983EDCF559 /* Pods-MeariSDKDemo.debug.xcconfig */ = {isa = PBXFileReference; includeInIndex = 1; lastKnownFileType = text.xcconfig; name = "Pods-MeariSDKDemo.debug.xcconfig"; path = "Target Support Files/Pods-MeariSDKDemo/Pods-MeariSDKDemo.debug.xcconfig"; sourceTree = "<group>"; };
		8C90AEED24F6088100E156CF /* MRCloudServerVC.h */ = {isa = PBXFileReference; lastKnownFileType = sourcecode.c.h; path = MRCloudServerVC.h; sourceTree = "<group>"; };
		8C90AEEE24F6088100E156CF /* MRCloudServerVC.m */ = {isa = PBXFileReference; lastKnownFileType = sourcecode.c.objc; path = MRCloudServerVC.m; sourceTree = "<group>"; };
		8C90AEEF24F6088100E156CF /* MRCloudServerVC.xib */ = {isa = PBXFileReference; lastKnownFileType = file.xib; path = MRCloudServerVC.xib; sourceTree = "<group>"; };
		8C90AEF424F64C0800E156CF /* MRAliWebPayVC.h */ = {isa = PBXFileReference; lastKnownFileType = sourcecode.c.h; path = MRAliWebPayVC.h; sourceTree = "<group>"; };
		8C90AEF524F64C0800E156CF /* MRAliWebPayVC.m */ = {isa = PBXFileReference; lastKnownFileType = sourcecode.c.objc; path = MRAliWebPayVC.m; sourceTree = "<group>"; };
		CD3CDE622488C1E000F1B940 /* MeariSDKDemo.app */ = {isa = PBXFileReference; explicitFileType = wrapper.application; includeInIndex = 0; path = MeariSDKDemo.app; sourceTree = BUILT_PRODUCTS_DIR; };
		CD3CDE652488C1E000F1B940 /* AppDelegate.h */ = {isa = PBXFileReference; lastKnownFileType = sourcecode.c.h; path = AppDelegate.h; sourceTree = "<group>"; };
		CD3CDE662488C1E000F1B940 /* AppDelegate.m */ = {isa = PBXFileReference; lastKnownFileType = sourcecode.c.objc; path = AppDelegate.m; sourceTree = "<group>"; };
		CD3CDE6B2488C1E000F1B940 /* LoginVC.h */ = {isa = PBXFileReference; lastKnownFileType = sourcecode.c.h; path = LoginVC.h; sourceTree = "<group>"; };
		CD3CDE6C2488C1E000F1B940 /* LoginVC.m */ = {isa = PBXFileReference; lastKnownFileType = sourcecode.c.objc; path = LoginVC.m; sourceTree = "<group>"; };
		CD3CDE6F2488C1E000F1B940 /* Base */ = {isa = PBXFileReference; lastKnownFileType = file.storyboard; name = Base; path = Base.lproj/Main.storyboard; sourceTree = "<group>"; };
		CD3CDE712488C1E600F1B940 /* Assets.xcassets */ = {isa = PBXFileReference; lastKnownFileType = folder.assetcatalog; path = Assets.xcassets; sourceTree = "<group>"; };
		CD3CDE742488C1E600F1B940 /* Base */ = {isa = PBXFileReference; lastKnownFileType = file.storyboard; name = Base; path = Base.lproj/LaunchScreen.storyboard; sourceTree = "<group>"; };
		CD3CDE762488C1E600F1B940 /* Info.plist */ = {isa = PBXFileReference; lastKnownFileType = text.plist.xml; path = Info.plist; sourceTree = "<group>"; };
		CD3CDE772488C1E600F1B940 /* main.m */ = {isa = PBXFileReference; lastKnownFileType = sourcecode.c.objc; path = main.m; sourceTree = "<group>"; };
		CD3CDE7E2488C40400F1B940 /* AddDeviceVC.h */ = {isa = PBXFileReference; lastKnownFileType = sourcecode.c.h; path = AddDeviceVC.h; sourceTree = "<group>"; };
		CD3CDE7F2488C40400F1B940 /* AddDeviceVC.m */ = {isa = PBXFileReference; lastKnownFileType = sourcecode.c.objc; path = AddDeviceVC.m; sourceTree = "<group>"; };
		CD3CDE812488C44B00F1B940 /* DeviceListVC.h */ = {isa = PBXFileReference; lastKnownFileType = sourcecode.c.h; path = DeviceListVC.h; sourceTree = "<group>"; };
		CD3CDE822488C44B00F1B940 /* DeviceListVC.m */ = {isa = PBXFileReference; lastKnownFileType = sourcecode.c.objc; path = DeviceListVC.m; sourceTree = "<group>"; };
		CD3CDE842488C5F000F1B940 /* MeariKit.framework */ = {isa = PBXFileReference; lastKnownFileType = wrapper.framework; path = MeariKit.framework; sourceTree = "<group>"; };
		CDE129642488EBB80081EAFD /* DeviceOperationVC.h */ = {isa = PBXFileReference; lastKnownFileType = sourcecode.c.h; path = DeviceOperationVC.h; sourceTree = "<group>"; };
		CDE129652488EBB80081EAFD /* DeviceOperationVC.m */ = {isa = PBXFileReference; lastKnownFileType = sourcecode.c.objc; path = DeviceOperationVC.m; sourceTree = "<group>"; };
		CDE129662488EBB80081EAFD /* DeviceOperationVC.xib */ = {isa = PBXFileReference; lastKnownFileType = file.xib; path = DeviceOperationVC.xib; sourceTree = "<group>"; };
/* End PBXFileReference section */

/* Begin PBXFrameworksBuildPhase section */
		CD3CDE5F2488C1E000F1B940 /* Frameworks */ = {
			isa = PBXFrameworksBuildPhase;
			buildActionMask = 2147483647;
			files = (
				765101E5AAE701816F81572C /* Pods_MeariSDKDemo.framework in Frameworks */,
			);
			runOnlyForDeploymentPostprocessing = 0;
		};
/* End PBXFrameworksBuildPhase section */

/* Begin PBXGroup section */
		03FC5196795EA56ABC9DC97C /* Pods */ = {
			isa = PBXGroup;
			children = (
				661937C476F41C983EDCF559 /* Pods-MeariSDKDemo.debug.xcconfig */,
				45F6E5DD48BB65D0512E9B33 /* Pods-MeariSDKDemo.release.xcconfig */,
			);
			path = Pods;
			sourceTree = "<group>";
		};
		0FD7A34B5392BFAC4A38A86E /* Frameworks */ = {
			isa = PBXGroup;
			children = (
				114B9A5EEC6AC613DA1DAB82 /* Pods_MeariSDKDemo.framework */,
			);
			name = Frameworks;
			sourceTree = "<group>";
		};
		CD3CDE592488C1E000F1B940 = {
			isa = PBXGroup;
			children = (
				CD3CDE642488C1E000F1B940 /* MeariSDKDemo */,
				CD3CDE632488C1E000F1B940 /* Products */,
				03FC5196795EA56ABC9DC97C /* Pods */,
				0FD7A34B5392BFAC4A38A86E /* Frameworks */,
			);
			sourceTree = "<group>";
		};
		CD3CDE632488C1E000F1B940 /* Products */ = {
			isa = PBXGroup;
			children = (
				CD3CDE622488C1E000F1B940 /* MeariSDKDemo.app */,
			);
			name = Products;
			sourceTree = "<group>";
		};
		CD3CDE642488C1E000F1B940 /* MeariSDKDemo */ = {
			isa = PBXGroup;
			children = (
				CD3CDE842488C5F000F1B940 /* MeariKit.framework */,
				CD3CDE652488C1E000F1B940 /* AppDelegate.h */,
				CD3CDE662488C1E000F1B940 /* AppDelegate.m */,
				280806312488DDB1002104B1 /* UIAlertController+Extension.h */,
				280806322488DDB1002104B1 /* UIAlertController+Extension.m */,
				2808063B2488F663002104B1 /* TabbarVC.h */,
				2808063C2488F663002104B1 /* TabbarVC.m */,
				2808064124891421002104B1 /* MRUserManager.h */,
				2808064224891421002104B1 /* MRUserManager.m */,
				CD3CDE8D2488CF6700F1B940 /* Login */,
				CD3CDE8F2488CF6800F1B940 /* AddDevice */,
				CD3CDE8E2488CF6800F1B940 /* DeviceOperation */,
				CD3CDE6E2488C1E000F1B940 /* Main.storyboard */,
				280806302488DBDB002104B1 /* PrefixHeader.pch */,
				CD3CDE712488C1E600F1B940 /* Assets.xcassets */,
				CD3CDE732488C1E600F1B940 /* LaunchScreen.storyboard */,
				CD3CDE762488C1E600F1B940 /* Info.plist */,
				CD3CDE772488C1E600F1B940 /* main.m */,
			);
			path = MeariSDKDemo;
			sourceTree = "<group>";
		};
		CD3CDE8D2488CF6700F1B940 /* Login */ = {
			isa = PBXGroup;
			children = (
				CD3CDE6B2488C1E000F1B940 /* LoginVC.h */,
				CD3CDE6C2488C1E000F1B940 /* LoginVC.m */,
				280806382488ECFE002104B1 /* registerVC.h */,
				280806392488ECFE002104B1 /* registerVC.m */,
				280806362488E3FC002104B1 /* phoneCode */,
			);
			path = Login;
			sourceTree = "<group>";
		};
		CD3CDE8E2488CF6800F1B940 /* DeviceOperation */ = {
			isa = PBXGroup;
			children = (
				CD3CDE812488C44B00F1B940 /* DeviceListVC.h */,
				CD3CDE822488C44B00F1B940 /* DeviceListVC.m */,
				CDE129642488EBB80081EAFD /* DeviceOperationVC.h */,
				CDE129652488EBB80081EAFD /* DeviceOperationVC.m */,
				CDE129662488EBB80081EAFD /* DeviceOperationVC.xib */,
				285FA1D22489E581005C62B9 /* MRDeviceSettingVC.h */,
				285FA1D32489E581005C62B9 /* MRDeviceSettingVC.m */,
				285FA1D52489E7F7005C62B9 /* MRDeviceSDFormatVC.h */,
				285FA1D62489E7F7005C62B9 /* MRDeviceSDFormatVC.m */,
				285FA1D72489E7F7005C62B9 /* MRDeviceSDFormatVC.xib */,
				285FA1DD2489F01A005C62B9 /* MRDeviceUpgradeVC.h */,
				285FA1DE2489F01A005C62B9 /* MRDeviceUpgradeVC.m */,
				285FA1DF2489F01A005C62B9 /* MRDeviceUpgradeVC.xib */,
				8C90AEED24F6088100E156CF /* MRCloudServerVC.h */,
				8C90AEEE24F6088100E156CF /* MRCloudServerVC.m */,
				8C90AEEF24F6088100E156CF /* MRCloudServerVC.xib */,
				8C90AEF424F64C0800E156CF /* MRAliWebPayVC.h */,
				8C90AEF524F64C0800E156CF /* MRAliWebPayVC.m */,
			);
			path = DeviceOperation;
			sourceTree = "<group>";
		};
		CD3CDE8F2488CF6800F1B940 /* AddDevice */ = {
			isa = PBXGroup;
			children = (
				CD3CDE7E2488C40400F1B940 /* AddDeviceVC.h */,
				CD3CDE7F2488C40400F1B940 /* AddDeviceVC.m */,
				280806472489189F002104B1 /* MRAddDeviceQRcodeVC.h */,
				280806482489189F002104B1 /* MRAddDeviceQRcodeVC.m */,
				280806492489189F002104B1 /* MRAddDeviceQRcodeVC.xib */,
				2808064F248920D2002104B1 /* MRAddDeviceApVC.h */,
				28080650248920D2002104B1 /* MRAddDeviceApVC.m */,
				28080651248920D2002104B1 /* MRAddDeviceApVC.xib */,
			);
			path = AddDevice;
			sourceTree = "<group>";
		};
/* End PBXGroup section */

/* Begin PBXNativeTarget section */
		CD3CDE612488C1E000F1B940 /* MeariSDKDemo */ = {
			isa = PBXNativeTarget;
			buildConfigurationList = CD3CDE7B2488C1E600F1B940 /* Build configuration list for PBXNativeTarget "MeariSDKDemo" */;
			buildPhases = (
				0C188ECDC9B0E00B1FCFA15D /* [CP] Check Pods Manifest.lock */,
				CD3CDE5E2488C1E000F1B940 /* Sources */,
				CD3CDE5F2488C1E000F1B940 /* Frameworks */,
				CD3CDE602488C1E000F1B940 /* Resources */,
				722C685B387EBCEAF0B29A67 /* [CP] Embed Pods Frameworks */,
				DD2FFAF8266E499700A1CC21 /* CopyFiles */,
			);
			buildRules = (
			);
			dependencies = (
			);
			name = MeariSDKDemo;
			productName = MeariSDKDemo;
			productReference = CD3CDE622488C1E000F1B940 /* MeariSDKDemo.app */;
			productType = "com.apple.product-type.application";
		};
/* End PBXNativeTarget section */

/* Begin PBXProject section */
		CD3CDE5A2488C1E000F1B940 /* Project object */ = {
			isa = PBXProject;
			attributes = {
				CLASSPREFIX = MR;
				LastUpgradeCheck = 1250;
				ORGANIZATIONNAME = Meari;
				TargetAttributes = {
					CD3CDE612488C1E000F1B940 = {
						CreatedOnToolsVersion = 11.3;
					};
				};
			};
			buildConfigurationList = CD3CDE5D2488C1E000F1B940 /* Build configuration list for PBXProject "MeariSDKDemo" */;
			compatibilityVersion = "Xcode 9.3";
			developmentRegion = en;
			hasScannedForEncodings = 0;
			knownRegions = (
				en,
				Base,
			);
			mainGroup = CD3CDE592488C1E000F1B940;
			productRefGroup = CD3CDE632488C1E000F1B940 /* Products */;
			projectDirPath = "";
			projectRoot = "";
			targets = (
				CD3CDE612488C1E000F1B940 /* MeariSDKDemo */,
			);
		};
/* End PBXProject section */

/* Begin PBXResourcesBuildPhase section */
		CD3CDE602488C1E000F1B940 /* Resources */ = {
			isa = PBXResourcesBuildPhase;
			buildActionMask = 2147483647;
			files = (
				CDE129682488EBB80081EAFD /* DeviceOperationVC.xib in Resources */,
				285FA1E12489F01A005C62B9 /* MRDeviceUpgradeVC.xib in Resources */,
				8C90AEF124F6088100E156CF /* MRCloudServerVC.xib in Resources */,
				CD3CDE752488C1E600F1B940 /* LaunchScreen.storyboard in Resources */,
				CD3CDE722488C1E600F1B940 /* Assets.xcassets in Resources */,
				28080653248920D2002104B1 /* MRAddDeviceApVC.xib in Resources */,
				2808064B2489189F002104B1 /* MRAddDeviceQRcodeVC.xib in Resources */,
				280806372488E3FC002104B1 /* phoneCode in Resources */,
				CD3CDE702488C1E000F1B940 /* Main.storyboard in Resources */,
				285FA1D92489E7F7005C62B9 /* MRDeviceSDFormatVC.xib in Resources */,
			);
			runOnlyForDeploymentPostprocessing = 0;
		};
/* End PBXResourcesBuildPhase section */

/* Begin PBXShellScriptBuildPhase section */
		0C188ECDC9B0E00B1FCFA15D /* [CP] Check Pods Manifest.lock */ = {
			isa = PBXShellScriptBuildPhase;
			buildActionMask = 2147483647;
			files = (
			);
			inputFileListPaths = (
			);
			inputPaths = (
				"${PODS_PODFILE_DIR_PATH}/Podfile.lock",
				"${PODS_ROOT}/Manifest.lock",
			);
			name = "[CP] Check Pods Manifest.lock";
			outputFileListPaths = (
			);
			outputPaths = (
				"$(DERIVED_FILE_DIR)/Pods-MeariSDKDemo-checkManifestLockResult.txt",
			);
			runOnlyForDeploymentPostprocessing = 0;
			shellPath = /bin/sh;
			shellScript = "diff \"${PODS_PODFILE_DIR_PATH}/Podfile.lock\" \"${PODS_ROOT}/Manifest.lock\" > /dev/null\nif [ $? != 0 ] ; then\n    # print error to STDERR\n    echo \"error: The sandbox is not in sync with the Podfile.lock. Run 'pod install' or update your CocoaPods installation.\" >&2\n    exit 1\nfi\n# This output is used by Xcode 'outputs' to avoid re-running this script phase.\necho \"SUCCESS\" > \"${SCRIPT_OUTPUT_FILE_0}\"\n";
			showEnvVarsInLog = 0;
		};
		722C685B387EBCEAF0B29A67 /* [CP] Embed Pods Frameworks */ = {
			isa = PBXShellScriptBuildPhase;
			buildActionMask = 2147483647;
			files = (
			);
			inputFileListPaths = (
				"${PODS_ROOT}/Target Support Files/Pods-MeariSDKDemo/Pods-MeariSDKDemo-frameworks-${CONFIGURATION}-input-files.xcfilelist",
			);
			name = "[CP] Embed Pods Frameworks";
			outputFileListPaths = (
				"${PODS_ROOT}/Target Support Files/Pods-MeariSDKDemo/Pods-MeariSDKDemo-frameworks-${CONFIGURATION}-output-files.xcfilelist",
			);
			runOnlyForDeploymentPostprocessing = 0;
			shellPath = /bin/sh;
			shellScript = "\"${PODS_ROOT}/Target Support Files/Pods-MeariSDKDemo/Pods-MeariSDKDemo-frameworks.sh\"\n";
			showEnvVarsInLog = 0;
		};
/* End PBXShellScriptBuildPhase section */

/* Begin PBXSourcesBuildPhase section */
		CD3CDE5E2488C1E000F1B940 /* Sources */ = {
			isa = PBXSourcesBuildPhase;
			buildActionMask = 2147483647;
			files = (
				8C90AEF624F64C0800E156CF /* MRAliWebPayVC.m in Sources */,
				CD3CDE6D2488C1E000F1B940 /* LoginVC.m in Sources */,
				280806332488DDB1002104B1 /* UIAlertController+Extension.m in Sources */,
				28080652248920D2002104B1 /* MRAddDeviceApVC.m in Sources */,
				2808064A2489189F002104B1 /* MRAddDeviceQRcodeVC.m in Sources */,
				285FA1D42489E581005C62B9 /* MRDeviceSettingVC.m in Sources */,
				CD3CDE802488C40400F1B940 /* AddDeviceVC.m in Sources */,
				CD3CDE672488C1E000F1B940 /* AppDelegate.m in Sources */,
				2808064324891421002104B1 /* MRUserManager.m in Sources */,
				2808063D2488F663002104B1 /* TabbarVC.m in Sources */,
				CD3CDE782488C1E600F1B940 /* main.m in Sources */,
				CD3CDE832488C44B00F1B940 /* DeviceListVC.m in Sources */,
				2808063A2488ECFE002104B1 /* registerVC.m in Sources */,
				285FA1E02489F01A005C62B9 /* MRDeviceUpgradeVC.m in Sources */,
				8C90AEF024F6088100E156CF /* MRCloudServerVC.m in Sources */,
				285FA1D82489E7F7005C62B9 /* MRDeviceSDFormatVC.m in Sources */,
				CDE129672488EBB80081EAFD /* DeviceOperationVC.m in Sources */,
			);
			runOnlyForDeploymentPostprocessing = 0;
		};
/* End PBXSourcesBuildPhase section */

/* Begin PBXVariantGroup section */
		CD3CDE6E2488C1E000F1B940 /* Main.storyboard */ = {
			isa = PBXVariantGroup;
			children = (
				CD3CDE6F2488C1E000F1B940 /* Base */,
			);
			name = Main.storyboard;
			sourceTree = "<group>";
		};
		CD3CDE732488C1E600F1B940 /* LaunchScreen.storyboard */ = {
			isa = PBXVariantGroup;
			children = (
				CD3CDE742488C1E600F1B940 /* Base */,
			);
			name = LaunchScreen.storyboard;
			sourceTree = "<group>";
		};
/* End PBXVariantGroup section */

/* Begin XCBuildConfiguration section */
		CD3CDE792488C1E600F1B940 /* Debug */ = {
			isa = XCBuildConfiguration;
			buildSettings = {
				ALWAYS_SEARCH_USER_PATHS = NO;
				CLANG_ANALYZER_NONNULL = YES;
				CLANG_ANALYZER_NUMBER_OBJECT_CONVERSION = YES_AGGRESSIVE;
				CLANG_CXX_LANGUAGE_STANDARD = "gnu++14";
				CLANG_CXX_LIBRARY = "libc++";
				CLANG_ENABLE_MODULES = YES;
				CLANG_ENABLE_OBJC_ARC = YES;
				CLANG_ENABLE_OBJC_WEAK = YES;
				CLANG_WARN_BLOCK_CAPTURE_AUTORELEASING = YES;
				CLANG_WARN_BOOL_CONVERSION = YES;
				CLANG_WARN_COMMA = YES;
				CLANG_WARN_CONSTANT_CONVERSION = YES;
				CLANG_WARN_DEPRECATED_OBJC_IMPLEMENTATIONS = YES;
				CLANG_WARN_DIRECT_OBJC_ISA_USAGE = YES_ERROR;
				CLANG_WARN_DOCUMENTATION_COMMENTS = YES;
				CLANG_WARN_EMPTY_BODY = YES;
				CLANG_WARN_ENUM_CONVERSION = YES;
				CLANG_WARN_INFINITE_RECURSION = YES;
				CLANG_WARN_INT_CONVERSION = YES;
				CLANG_WARN_NON_LITERAL_NULL_CONVERSION = YES;
				CLANG_WARN_OBJC_IMPLICIT_RETAIN_SELF = YES;
				CLANG_WARN_OBJC_LITERAL_CONVERSION = YES;
				CLANG_WARN_OBJC_ROOT_CLASS = YES_ERROR;
				CLANG_WARN_QUOTED_INCLUDE_IN_FRAMEWORK_HEADER = YES;
				CLANG_WARN_RANGE_LOOP_ANALYSIS = YES;
				CLANG_WARN_STRICT_PROTOTYPES = YES;
				CLANG_WARN_SUSPICIOUS_MOVE = YES;
				CLANG_WARN_UNGUARDED_AVAILABILITY = YES_AGGRESSIVE;
				CLANG_WARN_UNREACHABLE_CODE = YES;
				CLANG_WARN__DUPLICATE_METHOD_MATCH = YES;
				COPY_PHASE_STRIP = NO;
				DEBUG_INFORMATION_FORMAT = dwarf;
				ENABLE_STRICT_OBJC_MSGSEND = YES;
				ENABLE_TESTABILITY = YES;
				GCC_C_LANGUAGE_STANDARD = gnu11;
				GCC_DYNAMIC_NO_PIC = NO;
				GCC_NO_COMMON_BLOCKS = YES;
				GCC_OPTIMIZATION_LEVEL = 0;
				GCC_PREPROCESSOR_DEFINITIONS = (
					"DEBUG=1",
					"$(inherited)",
				);
				GCC_WARN_64_TO_32_BIT_CONVERSION = YES;
				GCC_WARN_ABOUT_RETURN_TYPE = YES_ERROR;
				GCC_WARN_UNDECLARED_SELECTOR = YES;
				GCC_WARN_UNINITIALIZED_AUTOS = YES_AGGRESSIVE;
				GCC_WARN_UNUSED_FUNCTION = YES;
				GCC_WARN_UNUSED_VARIABLE = YES;
				IPHONEOS_DEPLOYMENT_TARGET = 9.0;
				MTL_ENABLE_DEBUG_INFO = INCLUDE_SOURCE;
				MTL_FAST_MATH = YES;
				ONLY_ACTIVE_ARCH = YES;
				SDKROOT = iphoneos;
			};
			name = Debug;
		};
		CD3CDE7A2488C1E600F1B940 /* Release */ = {
			isa = XCBuildConfiguration;
			buildSettings = {
				ALWAYS_SEARCH_USER_PATHS = NO;
				CLANG_ANALYZER_NONNULL = YES;
				CLANG_ANALYZER_NUMBER_OBJECT_CONVERSION = YES_AGGRESSIVE;
				CLANG_CXX_LANGUAGE_STANDARD = "gnu++14";
				CLANG_CXX_LIBRARY = "libc++";
				CLANG_ENABLE_MODULES = YES;
				CLANG_ENABLE_OBJC_ARC = YES;
				CLANG_ENABLE_OBJC_WEAK = YES;
				CLANG_WARN_BLOCK_CAPTURE_AUTORELEASING = YES;
				CLANG_WARN_BOOL_CONVERSION = YES;
				CLANG_WARN_COMMA = YES;
				CLANG_WARN_CONSTANT_CONVERSION = YES;
				CLANG_WARN_DEPRECATED_OBJC_IMPLEMENTATIONS = YES;
				CLANG_WARN_DIRECT_OBJC_ISA_USAGE = YES_ERROR;
				CLANG_WARN_DOCUMENTATION_COMMENTS = YES;
				CLANG_WARN_EMPTY_BODY = YES;
				CLANG_WARN_ENUM_CONVERSION = YES;
				CLANG_WARN_INFINITE_RECURSION = YES;
				CLANG_WARN_INT_CONVERSION = YES;
				CLANG_WARN_NON_LITERAL_NULL_CONVERSION = YES;
				CLANG_WARN_OBJC_IMPLICIT_RETAIN_SELF = YES;
				CLANG_WARN_OBJC_LITERAL_CONVERSION = YES;
				CLANG_WARN_OBJC_ROOT_CLASS = YES_ERROR;
				CLANG_WARN_QUOTED_INCLUDE_IN_FRAMEWORK_HEADER = YES;
				CLANG_WARN_RANGE_LOOP_ANALYSIS = YES;
				CLANG_WARN_STRICT_PROTOTYPES = YES;
				CLANG_WARN_SUSPICIOUS_MOVE = YES;
				CLANG_WARN_UNGUARDED_AVAILABILITY = YES_AGGRESSIVE;
				CLANG_WARN_UNREACHABLE_CODE = YES;
				CLANG_WARN__DUPLICATE_METHOD_MATCH = YES;
				COPY_PHASE_STRIP = NO;
				DEBUG_INFORMATION_FORMAT = "dwarf-with-dsym";
				ENABLE_NS_ASSERTIONS = NO;
				ENABLE_STRICT_OBJC_MSGSEND = YES;
				GCC_C_LANGUAGE_STANDARD = gnu11;
				GCC_NO_COMMON_BLOCKS = YES;
				GCC_WARN_64_TO_32_BIT_CONVERSION = YES;
				GCC_WARN_ABOUT_RETURN_TYPE = YES_ERROR;
				GCC_WARN_UNDECLARED_SELECTOR = YES;
				GCC_WARN_UNINITIALIZED_AUTOS = YES_AGGRESSIVE;
				GCC_WARN_UNUSED_FUNCTION = YES;
				GCC_WARN_UNUSED_VARIABLE = YES;
				IPHONEOS_DEPLOYMENT_TARGET = 9.0;
				MTL_ENABLE_DEBUG_INFO = NO;
				MTL_FAST_MATH = YES;
				SDKROOT = iphoneos;
				VALIDATE_PRODUCT = YES;
			};
			name = Release;
		};
		CD3CDE7C2488C1E600F1B940 /* Debug */ = {
			isa = XCBuildConfiguration;
			baseConfigurationReference = 661937C476F41C983EDCF559 /* Pods-MeariSDKDemo.debug.xcconfig */;
			buildSettings = {
				ASSETCATALOG_COMPILER_APPICON_NAME = AppIcon;
				CODE_SIGN_IDENTITY = "iPhone Developer";
				CODE_SIGN_STYLE = Manual;
				DEVELOPMENT_TEAM = 422HTZX87R;
				ENABLE_BITCODE = NO;
				FRAMEWORK_SEARCH_PATHS = (
					"$(inherited)",
					"$(PROJECT_DIR)/MeariSDKDemo",
				);
				GCC_PRECOMPILE_PREFIX_HEADER = YES;
				GCC_PREFIX_HEADER = "$(SRCROOT)/MeariSDKDemo/PrefixHeader.pch";
				INFOPLIST_FILE = MeariSDKDemo/Info.plist;
				IPHONEOS_DEPLOYMENT_TARGET = 9.0;
				LD_RUNPATH_SEARCH_PATHS = (
					"$(inherited)",
					"@executable_path/Frameworks",
				);
				PRODUCT_BUNDLE_IDENTIFIER = com.meari.smartcamera;
				PRODUCT_NAME = "$(TARGET_NAME)";
				PROVISIONING_PROFILE_SPECIFIER = cloudedge_dev;
				TARGETED_DEVICE_FAMILY = "1,2";
				VALIDATE_PRODUCT = YES;
			};
			name = Debug;
		};
		CD3CDE7D2488C1E600F1B940 /* Release */ = {
			isa = XCBuildConfiguration;
			baseConfigurationReference = 45F6E5DD48BB65D0512E9B33 /* Pods-MeariSDKDemo.release.xcconfig */;
			buildSettings = {
				ASSETCATALOG_COMPILER_APPICON_NAME = AppIcon;
				CODE_SIGN_STYLE = Manual;
				DEVELOPMENT_TEAM = "";
				ENABLE_BITCODE = NO;
				FRAMEWORK_SEARCH_PATHS = (
					"$(inherited)",
					"$(PROJECT_DIR)/MeariSDKDemo",
				);
				GCC_PRECOMPILE_PREFIX_HEADER = YES;
				GCC_PREFIX_HEADER = "$(SRCROOT)/MeariSDKDemo/PrefixHeader.pch";
				INFOPLIST_FILE = MeariSDKDemo/Info.plist;
				IPHONEOS_DEPLOYMENT_TARGET = 9.0;
				LD_RUNPATH_SEARCH_PATHS = (
					"$(inherited)",
					"@executable_path/Frameworks",
				);
				PRODUCT_BUNDLE_IDENTIFIER = com.meari.sdk.demo.MeariSDKDemo.ORANGE;
				PRODUCT_NAME = "$(TARGET_NAME)";
				PROVISIONING_PROFILE_SPECIFIER = "";
				TARGETED_DEVICE_FAMILY = "1,2";
			};
			name = Release;
		};
/* End XCBuildConfiguration section */

/* Begin XCConfigurationList section */
		CD3CDE5D2488C1E000F1B940 /* Build configuration list for PBXProject "MeariSDKDemo" */ = {
			isa = XCConfigurationList;
			buildConfigurations = (
				CD3CDE792488C1E600F1B940 /* Debug */,
				CD3CDE7A2488C1E600F1B940 /* Release */,
			);
			defaultConfigurationIsVisible = 0;
			defaultConfigurationName = Release;
		};
		CD3CDE7B2488C1E600F1B940 /* Build configuration list for PBXNativeTarget "MeariSDKDemo" */ = {
			isa = XCConfigurationList;
			buildConfigurations = (
				CD3CDE7C2488C1E600F1B940 /* Debug */,
				CD3CDE7D2488C1E600F1B940 /* Release */,
			);
			defaultConfigurationIsVisible = 0;
			defaultConfigurationName = Release;
		};
/* End XCConfigurationList section */
	};
	rootObject = CD3CDE5A2488C1E000F1B940 /* Project object */;
}
