PODS:
  - AFNetworking (3.2.1):
    - AFNetworking/NSURLSession (= 3.2.1)
    - AFNetworking/Reachability (= 3.2.1)
    - AFNetworking/Security (= 3.2.1)
    - AFNetworking/Serialization (= 3.2.1)
    - AFNetworking/UIKit (= 3.2.1)
  - AFNetworking/NSURLSession (3.2.1):
    - AFNetworking/Reachability
    - AFNetworking/Security
    - AFNetworking/Serialization
  - AFNetworking/Reachability (3.2.1)
  - AFNetworking/Security (3.2.1)
  - AFNetworking/Serialization (3.2.1)
  - AFNetworking/UIKit (3.2.1):
    - AFNetworking/NSURLSession
  - AliyunOSSiOS (2.10.8)
  - AWSCore (2.15.0)
  - AWSS3 (2.15.0):
    - AWSCore (= 2.15.0)
  - Braintree/Core (4.35.0)
  - Braintree/PayPal (4.35.0):
    - Braintree/Core
    - Braintree/PayPalOneTouch
  - Braintree/PayPalDataCollector (4.35.0):
    - Braintree/Core
    - Braintree/PayPalUtils
  - Braintree/PayPalOneTouch (4.35.0):
    - Braintree/Core
    - Braintree/PayPalDataCollector
    - Braintree/PayPalUtils
  - Braintree/PayPalUtils (4.35.0)
  - MJExtension (3.0.17)

DEPENDENCIES:
  - AFNetworking (~> 3.2.1)
  - AliyunOSSiOS (~> 2.10.7)
  - AWSS3
  - Braintree/PayPal
  - MJExtension (~> 3.0.17)

SPEC REPOS:
  trunk:
    - AFNetworking
    - AliyunOSSiOS
    - AWSCore
    - AWSS3
    - Braintree
    - MJExtension

SPEC CHECKSUMS:
  AFNetworking: b6f891fdfaed196b46c7a83cf209e09697b94057
  AliyunOSSiOS: 8db92936545593b9e5c66d680ef2ac0738946651
  AWSCore: b732e43f2afaef25c3a7dd9408b8c594213397bd
  AWSS3: e54ce8e29744663f0e5f3e90d610880974fc59fa
  Braintree: 7ff6755ba50506e403dc03779ae68c5ccf6b9808
  MJExtension: 74ec83124a68891619fb7ba9c5c811bbf1691076

PODFILE CHECKSUM: d0c990e88804c5b9413302006d82f4e2eb8e7e55

COCOAPODS: 1.9.1
